# This file is generated by running "yarn install" inside your project.
# Manual changes might be lost - proceed with caution!

__metadata:
  version: 4

"elena@workspace:.":
  version: 0.0.0-use.local
  resolution: "elena@workspace:."
  dependencies:
    typescript: ^3.8.3
  languageName: unknown
  linkType: soft

typescript@^3.8.3:
  version: 3.8.3
  resolution: "typescript@npm:3.8.3"
  bin:
    tsc: bin/tsc
    tsserver: bin/tsserver
  checksum: 2/519b11576247fe3570d89a2aa757d8f666aafc0cb9465a6cdd4df09c1dc6bf7285f0c6008d2ac7a55ea26457e767aaab819f58439d80af2cce1d9805b2be1034
  languageName: node
  linkType: hard

"typescript@patch:typescript@^3.8.3#builtin<compat/typescript>":
  version: 3.8.3
  resolution: "typescript@patch:typescript@npm%3A3.8.3#builtin<compat/typescript>::version=3.8.3&hash=c79188"
  bin:
    tsc: bin/tsc
    tsserver: bin/tsserver
  checksum: 2/2950b292ac700898647d49ca5f07fa546f6c3d28983ba559c5b4fa360babdc1734493b7f5f72553735eaa401c850989d7bbbd70f739df3c0b7fc83c82e37d8a5
  languageName: node
  linkType: hard
